{
  "version": 4,
  "terraform_version": "0.12.19",
  "serial": 1,
  "lineage": "b1a1d58d-fa3a-bbe0-cb5d-b97d38798f04",
  "outputs": {},
  "resources": [
    {
      "mode": "data",
      "type": "aws_ami",
      "name": "test",
      "provider": "provider.aws",
      "instances": [
        {
          "schema_version": 0,
          "attributes": {
            "architecture": "x86_64",
            "block_device_mappings": [
              {
                "device_name": "/dev/xvda",
                "ebs": {
                  "delete_on_termination": "true",
                  "encrypted": "false",
                  "iops": "0",
                  "snapshot_id": "snap-07b8f6c745fa747c7",
                  "volume_size": "8",
                  "volume_type": "gp2"
                },
                "no_device": "",
                "virtual_name": ""
              }
            ],
            "creation_date": "2019-12-20T22:13:53.000Z",
            "description": "Amazon Linux AMI 2018.03.0.20191219.0 x86_64 HVM gp2",
            "executable_users": null,
            "filter": [
              {
                "name": "name",
                "values": [
                  "amzn-ami-hvm*-x86_64-gp2"
                ]
              }
            ],
            "hypervisor": "xen",
            "id": "ami-09d069a04349dc3cb",
            "image_id": "ami-09d069a04349dc3cb",
            "image_location": "amazon/amzn-ami-hvm-2018.03.0.20191219.0-x86_64-gp2",
            "image_owner_alias": "amazon",
            "image_type": "machine",
            "kernel_id": null,
            "most_recent": true,
            "name": "amzn-ami-hvm-2018.03.0.20191219.0-x86_64-gp2",
            "name_regex": null,
            "owner_id": "137112412989",
            "owners": [
              "amazon"
            ],
            "platform": null,
            "product_codes": [],
            "public": true,
            "ramdisk_id": null,
            "root_device_name": "/dev/xvda",
            "root_device_type": "ebs",
            "root_snapshot_id": "snap-07b8f6c745fa747c7",
            "sriov_net_support": "simple",
            "state": "available",
            "state_reason": {
              "code": "UNSET",
              "message": "UNSET"
            },
            "tags": {},
            "virtualization_type": "hvm"
          }
        }
      ]
    },
    {
      "mode": "managed",
      "type": "aws_key_pair",
      "name": "tf_auth",
      "provider": "provider.aws",
      "instances": [
        {
          "schema_version": 1,
          "attributes": {
            "fingerprint": "38:16:91:55:af:7e:a1:0d:7f:1d:7e:38:90:05:2a:cc",
            "id": "test",
            "key_name": "test",
            "key_name_prefix": null,
            "public_key": "ssh-rsa AAAAB3NzaC1yc2EAAAADAQABAAABAQDTks83X8IXdt0DNUrZHZHO4qFHuTDKiMDMvu5CeNv4x7kIy2/3DtZclHNnYc3JjLWKmSS5TG+grMwIdz6wgr/gfTPjS9A38CExJqo4QReNEo4UxZzjewVrbmy0R04xozq8FP/tfmFpC+pPd7hii39Y+/ZCD446MPiCbPqcT3xVKJQit2i2zHyW4TQGPGcEcJalNfJs7HeY9DhwV3jM/1lWQgnBHlv/xw+eBP9i79jpKZ/oO5gVIP8OWw+cL3cn7vgB/b5kbSKC/aNyGNRBXsMTI+6+B4DMQBZCcPlxvMJcksZYp+nyj7b7wgsdszsFmi0SFH9D4qhskybUIDQBLc7V rohiththakur@Rohiths-MBP.fios-router.home"
          },
          "private": "eyJzY2hlbWFfdmVyc2lvbiI6IjEifQ=="
        }
      ]
    }
  ]
}
